// !$*UTF8*$!
{
	archiveVersion = 1;
	classes = {
	};
	objectVersion = 56;
	objects = {

/* Begin PBXBuildFile section */
		8C1E927629BAD6BD00AAC9B7 /* LandmarkList.swift in Sources */ = {isa = PBXBuildFile; fileRef = 8C1E927529BAD6BD00AAC9B7 /* LandmarkList.swift */; };
		8C1E927829BAD95D00AAC9B7 /* LandmarkDetail.swift in Sources */ = {isa = PBXBuildFile; fileRef = 8C1E927729BAD95D00AAC9B7 /* LandmarkDetail.swift */; };
		8C263E82294068AE000C6F6F /* LandmarksApp.swift in Sources */ = {isa = PBXBuildFile; fileRef = 8C263E81294068AE000C6F6F /* LandmarksApp.swift */; };
		8C263E84294068AE000C6F6F /* ContentView.swift in Sources */ = {isa = PBXBuildFile; fileRef = 8C263E83294068AE000C6F6F /* ContentView.swift */; };
		8C263E86294068B0000C6F6F /* Assets.xcassets in Resources */ = {isa = PBXBuildFile; fileRef = 8C263E85294068B0000C6F6F /* Assets.xcassets */; };
		8C263E89294068B0000C6F6F /* Preview Assets.xcassets in Resources */ = {isa = PBXBuildFile; fileRef = 8C263E88294068B0000C6F6F /* Preview Assets.xcassets */; };
		8C263E9029406CF3000C6F6F /* CircleImage.swift in Sources */ = {isa = PBXBuildFile; fileRef = 8C263E8F29406CF3000C6F6F /* CircleImage.swift */; };
		8C263E9229406E0C000C6F6F /* MapView.swift in Sources */ = {isa = PBXBuildFile; fileRef = 8C263E9129406E0C000C6F6F /* MapView.swift */; };
		8CDD5A8B29B5B3E8000BB4B0 /* landmarkData.json in Resources */ = {isa = PBXBuildFile; fileRef = 8CDD5A8A29B5B3E8000BB4B0 /* landmarkData.json */; };
		8CDD5A8D29B5B410000BB4B0 /* Landmark.swift in Sources */ = {isa = PBXBuildFile; fileRef = 8CDD5A8C29B5B410000BB4B0 /* Landmark.swift */; };
		8CDD5A8F29B6FDD9000BB4B0 /* ModelData.swift in Sources */ = {isa = PBXBuildFile; fileRef = 8CDD5A8E29B6FDD9000BB4B0 /* ModelData.swift */; };
		8CDD5A9429B9A3E2000BB4B0 /* LandmarkRow.swift in Sources */ = {isa = PBXBuildFile; fileRef = 8CDD5A9329B9A3E2000BB4B0 /* LandmarkRow.swift */; };
/* End PBXBuildFile section */

/* Begin PBXFileReference section */
		8C1E927529BAD6BD00AAC9B7 /* LandmarkList.swift */ = {isa = PBXFileReference; lastKnownFileType = sourcecode.swift; path = LandmarkList.swift; sourceTree = "<group>"; };
		8C1E927729BAD95D00AAC9B7 /* LandmarkDetail.swift */ = {isa = PBXFileReference; lastKnownFileType = sourcecode.swift; path = LandmarkDetail.swift; sourceTree = "<group>"; };
		8C263E7E294068AE000C6F6F /* Landmarks.app */ = {isa = PBXFileReference; explicitFileType = wrapper.application; includeInIndex = 0; path = Landmarks.app; sourceTree = BUILT_PRODUCTS_DIR; };
		8C263E81294068AE000C6F6F /* LandmarksApp.swift */ = {isa = PBXFileReference; lastKnownFileType = sourcecode.swift; path = LandmarksApp.swift; sourceTree = "<group>"; };
		8C263E83294068AE000C6F6F /* ContentView.swift */ = {isa = PBXFileReference; lastKnownFileType = sourcecode.swift; path = ContentView.swift; sourceTree = "<group>"; };
		8C263E85294068B0000C6F6F /* Assets.xcassets */ = {isa = PBXFileReference; lastKnownFileType = folder.assetcatalog; path = Assets.xcassets; sourceTree = "<group>"; };
		8C263E88294068B0000C6F6F /* Preview Assets.xcassets */ = {isa = PBXFileReference; lastKnownFileType = folder.assetcatalog; path = "Preview Assets.xcassets"; sourceTree = "<group>"; };
		8C263E8F29406CF3000C6F6F /* CircleImage.swift */ = {isa = PBXFileReference; lastKnownFileType = sourcecode.swift; path = CircleImage.swift; sourceTree = "<group>"; };
		8C263E9129406E0C000C6F6F /* MapView.swift */ = {isa = PBXFileReference; lastKnownFileType = sourcecode.swift; path = MapView.swift; sourceTree = "<group>"; };
		8CDD5A8A29B5B3E8000BB4B0 /* landmarkData.json */ = {isa = PBXFileReference; fileEncoding = 4; lastKnownFileType = text.json; path = landmarkData.json; sourceTree = "<group>"; };
		8CDD5A8C29B5B410000BB4B0 /* Landmark.swift */ = {isa = PBXFileReference; lastKnownFileType = sourcecode.swift; path = Landmark.swift; sourceTree = "<group>"; };
		8CDD5A8E29B6FDD9000BB4B0 /* ModelData.swift */ = {isa = PBXFileReference; lastKnownFileType = sourcecode.swift; path = ModelData.swift; sourceTree = "<group>"; };
		8CDD5A9329B9A3E2000BB4B0 /* LandmarkRow.swift */ = {isa = PBXFileReference; lastKnownFileType = sourcecode.swift; path = LandmarkRow.swift; sourceTree = "<group>"; };
/* End PBXFileReference section */

/* Begin PBXFrameworksBuildPhase section */
		8C263E7B294068AE000C6F6F /* Frameworks */ = {
			isa = PBXFrameworksBuildPhase;
			buildActionMask = 2147483647;
			files = (
			);
			runOnlyForDeploymentPostprocessing = 0;
		};
/* End PBXFrameworksBuildPhase section */

/* Begin PBXGroup section */
		8C263E75294068AE000C6F6F = {
			isa = PBXGroup;
			children = (
				8C263E80294068AE000C6F6F /* Landmarks */,
				8C263E7F294068AE000C6F6F /* Products */,
			);
			sourceTree = "<group>";
		};
		8C263E7F294068AE000C6F6F /* Products */ = {
			isa = PBXGroup;
			children = (
				8C263E7E294068AE000C6F6F /* Landmarks.app */,
			);
			name = Products;
			sourceTree = "<group>";
		};
		8C263E80294068AE000C6F6F /* Landmarks */ = {
			isa = PBXGroup;
			children = (
				8CDD5A9029B6FFE0000BB4B0 /* Model */,
				8CDD5A9129B70005000BB4B0 /* Views */,
				8CDD5A9229B70027000BB4B0 /* Resources */,
				8C263E81294068AE000C6F6F /* LandmarksApp.swift */,
				8C263E85294068B0000C6F6F /* Assets.xcassets */,
				8C263E87294068B0000C6F6F /* Preview Content */,
			);
			path = Landmarks;
			sourceTree = "<group>";
		};
		8C263E87294068B0000C6F6F /* Preview Content */ = {
			isa = PBXGroup;
			children = (
				8C263E88294068B0000C6F6F /* Preview Assets.xcassets */,
			);
			path = "Preview Content";
			sourceTree = "<group>";
		};
		8CDD5A9029B6FFE0000BB4B0 /* Model */ = {
			isa = PBXGroup;
			children = (
				8CDD5A8C29B5B410000BB4B0 /* Landmark.swift */,
				8CDD5A8E29B6FDD9000BB4B0 /* ModelData.swift */,
			);
			path = Model;
			sourceTree = "<group>";
		};
		8CDD5A9129B70005000BB4B0 /* Views */ = {
			isa = PBXGroup;
			children = (
				8C263E83294068AE000C6F6F /* ContentView.swift */,
				8CDD5A9329B9A3E2000BB4B0 /* LandmarkRow.swift */,
				8C1E927529BAD6BD00AAC9B7 /* LandmarkList.swift */,
				8C1E927729BAD95D00AAC9B7 /* LandmarkDetail.swift */,
				8C263E8F29406CF3000C6F6F /* CircleImage.swift */,
				8C263E9129406E0C000C6F6F /* MapView.swift */,
			);
			path = Views;
			sourceTree = "<group>";
		};
		8CDD5A9229B70027000BB4B0 /* Resources */ = {
			isa = PBXGroup;
			children = (
				8CDD5A8A29B5B3E8000BB4B0 /* landmarkData.json */,
			);
			path = Resources;
			sourceTree = "<group>";
		};
/* End PBXGroup section */

/* Begin PBXNativeTarget section */
		8C263E7D294068AE000C6F6F /* Landmarks */ = {
			isa = PBXNativeTarget;
			buildConfigurationList = 8C263E8C294068B0000C6F6F /* Build configuration list for PBXNativeTarget "Landmarks" */;
			buildPhases = (
				8C263E7A294068AE000C6F6F /* Sources */,
				8C263E7B294068AE000C6F6F /* Frameworks */,
				8C263E7C294068AE000C6F6F /* Resources */,
			);
			buildRules = (
			);
			dependencies = (
			);
			name = Landmarks;
			productName = Landmarks;
			productReference = 8C263E7E294068AE000C6F6F /* Landmarks.app */;
			productType = "com.apple.product-type.application";
		};
/* End PBXNativeTarget section */

/* Begin PBXProject section */
		8C263E76294068AE000C6F6F /* Project object */ = {
			isa = PBXProject;
			attributes = {
				BuildIndependentTargetsInParallel = 1;
				LastSwiftUpdateCheck = 1410;
				LastUpgradeCheck = 1410;
				TargetAttributes = {
					8C263E7D294068AE000C6F6F = {
						CreatedOnToolsVersion = 14.1;
					};
				};
			};
			buildConfigurationList = 8C263E79294068AE000C6F6F /* Build configuration list for PBXProject "Landmarks" */;
			compatibilityVersion = "Xcode 14.0";
			developmentRegion = en;
			hasScannedForEncodings = 0;
			knownRegions = (
				en,
				Base,
			);
			mainGroup = 8C263E75294068AE000C6F6F;
			productRefGroup = 8C263E7F294068AE000C6F6F /* Products */;
			projectDirPath = "";
			projectRoot = "";
			targets = (
				8C263E7D294068AE000C6F6F /* Landmarks */,
			);
		};
/* End PBXProject section */

/* Begin PBXResourcesBuildPhase section */
		8C263E7C294068AE000C6F6F /* Resources */ = {
			isa = PBXResourcesBuildPhase;
			buildActionMask = 2147483647;
			files = (
				8C263E89294068B0000C6F6F /* Preview Assets.xcassets in Resources */,
				8C263E86294068B0000C6F6F /* Assets.xcassets in Resources */,
				8CDD5A8B29B5B3E8000BB4B0 /* landmarkData.json in Resources */,
			);
			runOnlyForDeploymentPostprocessing = 0;
		};
/* End PBXResourcesBuildPhase section */

/* Begin PBXSourcesBuildPhase section */
		8C263E7A294068AE000C6F6F /* Sources */ = {
			isa = PBXSourcesBuildPhase;
			buildActionMask = 2147483647;
			files = (
				8C263E84294068AE000C6F6F /* ContentView.swift in Sources */,
				8C263E9229406E0C000C6F6F /* MapView.swift in Sources */,
				8C263E82294068AE000C6F6F /* LandmarksApp.swift in Sources */,
				8C1E927629BAD6BD00AAC9B7 /* LandmarkList.swift in Sources */,
				8C1E927829BAD95D00AAC9B7 /* LandmarkDetail.swift in Sources */,
				8C263E9029406CF3000C6F6F /* CircleImage.swift in Sources */,
				8CDD5A8D29B5B410000BB4B0 /* Landmark.swift in Sources */,
				8CDD5A9429B9A3E2000BB4B0 /* LandmarkRow.swift in Sources */,
				8CDD5A8F29B6FDD9000BB4B0 /* ModelData.swift in Sources */,
			);
			runOnlyForDeploymentPostprocessing = 0;
		};
/* End PBXSourcesBuildPhase section */

/* Begin XCBuildConfiguration section */
		8C263E8A294068B0000C6F6F /* Debug */ = {
			isa = XCBuildConfiguration;
			buildSettings = {
				ALWAYS_SEARCH_USER_PATHS = NO;
				CLANG_ANALYZER_NONNULL = YES;
				CLANG_ANALYZER_NUMBER_OBJECT_CONVERSION = YES_AGGRESSIVE;
				CLANG_CXX_LANGUAGE_STANDARD = "gnu++20";
				CLANG_ENABLE_MODULES = YES;
				CLANG_ENABLE_OBJC_ARC = YES;
				CLANG_ENABLE_OBJC_WEAK = YES;
				CLANG_WARN_BLOCK_CAPTURE_AUTORELEASING = YES;
				CLANG_WARN_BOOL_CONVERSION = YES;
				CLANG_WARN_COMMA = YES;
				CLANG_WARN_CONSTANT_CONVERSION = YES;
				CLANG_WARN_DEPRECATED_OBJC_IMPLEMENTATIONS = YES;
				CLANG_WARN_DIRECT_OBJC_ISA_USAGE = YES_ERROR;
				CLANG_WARN_DOCUMENTATION_COMMENTS = YES;
				CLANG_WARN_EMPTY_BODY = YES;
				CLANG_WARN_ENUM_CONVERSION = YES;
				CLANG_WARN_INFINITE_RECURSION = YES;
				CLANG_WARN_INT_CONVERSION = YES;
				CLANG_WARN_NON_LITERAL_NULL_CONVERSION = YES;
				CLANG_WARN_OBJC_IMPLICIT_RETAIN_SELF = YES;
				CLANG_WARN_OBJC_LITERAL_CONVERSION = YES;
				CLANG_WARN_OBJC_ROOT_CLASS = YES_ERROR;
				CLANG_WARN_QUOTED_INCLUDE_IN_FRAMEWORK_HEADER = YES;
				CLANG_WARN_RANGE_LOOP_ANALYSIS = YES;
				CLANG_WARN_STRICT_PROTOTYPES = YES;
				CLANG_WARN_SUSPICIOUS_MOVE = YES;
				CLANG_WARN_UNGUARDED_AVAILABILITY = YES_AGGRESSIVE;
				CLANG_WARN_UNREACHABLE_CODE = YES;
				CLANG_WARN__DUPLICATE_METHOD_MATCH = YES;
				COPY_PHASE_STRIP = NO;
				DEBUG_INFORMATION_FORMAT = dwarf;
				ENABLE_STRICT_OBJC_MSGSEND = YES;
				ENABLE_TESTABILITY = YES;
				GCC_C_LANGUAGE_STANDARD = gnu11;
				GCC_DYNAMIC_NO_PIC = NO;
				GCC_NO_COMMON_BLOCKS = YES;
				GCC_OPTIMIZATION_LEVEL = 0;
				GCC_PREPROCESSOR_DEFINITIONS = (
					"DEBUG=1",
					"$(inherited)",
				);
				GCC_WARN_64_TO_32_BIT_CONVERSION = YES;
				GCC_WARN_ABOUT_RETURN_TYPE = YES_ERROR;
				GCC_WARN_UNDECLARED_SELECTOR = YES;
				GCC_WARN_UNINITIALIZED_AUTOS = YES_AGGRESSIVE;
				GCC_WARN_UNUSED_FUNCTION = YES;
				GCC_WARN_UNUSED_VARIABLE = YES;
				IPHONEOS_DEPLOYMENT_TARGET = 16.1;
				MTL_ENABLE_DEBUG_INFO = INCLUDE_SOURCE;
				MTL_FAST_MATH = YES;
				ONLY_ACTIVE_ARCH = YES;
				SDKROOT = iphoneos;
				SWIFT_ACTIVE_COMPILATION_CONDITIONS = DEBUG;
				SWIFT_OPTIMIZATION_LEVEL = "-Onone";
			};
			name = Debug;
		};
		8C263E8B294068B0000C6F6F /* Release */ = {
			isa = XCBuildConfiguration;
			buildSettings = {
				ALWAYS_SEARCH_USER_PATHS = NO;
				CLANG_ANALYZER_NONNULL = YES;
				CLANG_ANALYZER_NUMBER_OBJECT_CONVERSION = YES_AGGRESSIVE;
				CLANG_CXX_LANGUAGE_STANDARD = "gnu++20";
				CLANG_ENABLE_MODULES = YES;
				CLANG_ENABLE_OBJC_ARC = YES;
				CLANG_ENABLE_OBJC_WEAK = YES;
				CLANG_WARN_BLOCK_CAPTURE_AUTORELEASING = YES;
				CLANG_WARN_BOOL_CONVERSION = YES;
				CLANG_WARN_COMMA = YES;
				CLANG_WARN_CONSTANT_CONVERSION = YES;
				CLANG_WARN_DEPRECATED_OBJC_IMPLEMENTATIONS = YES;
				CLANG_WARN_DIRECT_OBJC_ISA_USAGE = YES_ERROR;
				CLANG_WARN_DOCUMENTATION_COMMENTS = YES;
				CLANG_WARN_EMPTY_BODY = YES;
				CLANG_WARN_ENUM_CONVERSION = YES;
				CLANG_WARN_INFINITE_RECURSION = YES;
				CLANG_WARN_INT_CONVERSION = YES;
				CLANG_WARN_NON_LITERAL_NULL_CONVERSION = YES;
				CLANG_WARN_OBJC_IMPLICIT_RETAIN_SELF = YES;
				CLANG_WARN_OBJC_LITERAL_CONVERSION = YES;
				CLANG_WARN_OBJC_ROOT_CLASS = YES_ERROR;
				CLANG_WARN_QUOTED_INCLUDE_IN_FRAMEWORK_HEADER = YES;
				CLANG_WARN_RANGE_LOOP_ANALYSIS = YES;
				CLANG_WARN_STRICT_PROTOTYPES = YES;
				CLANG_WARN_SUSPICIOUS_MOVE = YES;
				CLANG_WARN_UNGUARDED_AVAILABILITY = YES_AGGRESSIVE;
				CLANG_WARN_UNREACHABLE_CODE = YES;
				CLANG_WARN__DUPLICATE_METHOD_MATCH = YES;
				COPY_PHASE_STRIP = NO;
				DEBUG_INFORMATION_FORMAT = "dwarf-with-dsym";
				ENABLE_NS_ASSERTIONS = NO;
				ENABLE_STRICT_OBJC_MSGSEND = YES;
				GCC_C_LANGUAGE_STANDARD = gnu11;
				GCC_NO_COMMON_BLOCKS = YES;
				GCC_WARN_64_TO_32_BIT_CONVERSION = YES;
				GCC_WARN_ABOUT_RETURN_TYPE = YES_ERROR;
				GCC_WARN_UNDECLARED_SELECTOR = YES;
				GCC_WARN_UNINITIALIZED_AUTOS = YES_AGGRESSIVE;
				GCC_WARN_UNUSED_FUNCTION = YES;
				GCC_WARN_UNUSED_VARIABLE = YES;
				IPHONEOS_DEPLOYMENT_TARGET = 16.1;
				MTL_ENABLE_DEBUG_INFO = NO;
				MTL_FAST_MATH = YES;
				SDKROOT = iphoneos;
				SWIFT_COMPILATION_MODE = wholemodule;
				SWIFT_OPTIMIZATION_LEVEL = "-O";
				VALIDATE_PRODUCT = YES;
			};
			name = Release;
		};
		8C263E8D294068B0000C6F6F /* Debug */ = {
			isa = XCBuildConfiguration;
			buildSettings = {
				ASSETCATALOG_COMPILER_APPICON_NAME = AppIcon;
				ASSETCATALOG_COMPILER_GLOBAL_ACCENT_COLOR_NAME = AccentColor;
				CODE_SIGN_STYLE = Automatic;
				CURRENT_PROJECT_VERSION = 1;
				DEVELOPMENT_ASSET_PATHS = "\"Landmarks/Preview Content\"";
				DEVELOPMENT_TEAM = 2W2GK9ZGZC;
				ENABLE_PREVIEWS = YES;
				GENERATE_INFOPLIST_FILE = YES;
				INFOPLIST_KEY_UIApplicationSceneManifest_Generation = YES;
				INFOPLIST_KEY_UIApplicationSupportsIndirectInputEvents = YES;
				INFOPLIST_KEY_UILaunchScreen_Generation = YES;
				INFOPLIST_KEY_UISupportedInterfaceOrientations_iPad = "UIInterfaceOrientationPortrait UIInterfaceOrientationPortraitUpsideDown UIInterfaceOrientationLandscapeLeft UIInterfaceOrientationLandscapeRight";
				INFOPLIST_KEY_UISupportedInterfaceOrientations_iPhone = "UIInterfaceOrientationPortrait UIInterfaceOrientationLandscapeLeft UIInterfaceOrientationLandscapeRight";
				LD_RUNPATH_SEARCH_PATHS = (
					"$(inherited)",
					"@executable_path/Frameworks",
				);
				MARKETING_VERSION = 1.0;
				PRODUCT_BUNDLE_IDENTIFIER = com.OleavittApps.Landmarks;
				PRODUCT_NAME = "$(TARGET_NAME)";
				SWIFT_EMIT_LOC_STRINGS = YES;
				SWIFT_VERSION = 5.0;
				TARGETED_DEVICE_FAMILY = "1,2";
			};
			name = Debug;
		};
		8C263E8E294068B0000C6F6F /* Release */ = {
			isa = XCBuildConfiguration;
			buildSettings = {
				ASSETCATALOG_COMPILER_APPICON_NAME = AppIcon;
				ASSETCATALOG_COMPILER_GLOBAL_ACCENT_COLOR_NAME = AccentColor;
				CODE_SIGN_STYLE = Automatic;
				CURRENT_PROJECT_VERSION = 1;
				DEVELOPMENT_ASSET_PATHS = "\"Landmarks/Preview Content\"";
				DEVELOPMENT_TEAM = 2W2GK9ZGZC;
				ENABLE_PREVIEWS = YES;
				GENERATE_INFOPLIST_FILE = YES;
				INFOPLIST_KEY_UIApplicationSceneManifest_Generation = YES;
				INFOPLIST_KEY_UIApplicationSupportsIndirectInputEvents = YES;
				INFOPLIST_KEY_UILaunchScreen_Generation = YES;
				INFOPLIST_KEY_UISupportedInterfaceOrientations_iPad = "UIInterfaceOrientationPortrait UIInterfaceOrientationPortraitUpsideDown UIInterfaceOrientationLandscapeLeft UIInterfaceOrientationLandscapeRight";
				INFOPLIST_KEY_UISupportedInterfaceOrientations_iPhone = "UIInterfaceOrientationPortrait UIInterfaceOrientationLandscapeLeft UIInterfaceOrientationLandscapeRight";
				LD_RUNPATH_SEARCH_PATHS = (
					"$(inherited)",
					"@executable_path/Frameworks",
				);
				MARKETING_VERSION = 1.0;
				PRODUCT_BUNDLE_IDENTIFIER = com.OleavittApps.Landmarks;
				PRODUCT_NAME = "$(TARGET_NAME)";
				SWIFT_EMIT_LOC_STRINGS = YES;
				SWIFT_VERSION = 5.0;
				TARGETED_DEVICE_FAMILY = "1,2";
			};
			name = Release;
		};
/* End XCBuildConfiguration section */

/* Begin XCConfigurationList section */
		8C263E79294068AE000C6F6F /* Build configuration list for PBXProject "Landmarks" */ = {
			isa = XCConfigurationList;
			buildConfigurations = (
				8C263E8A294068B0000C6F6F /* Debug */,
				8C263E8B294068B0000C6F6F /* Release */,
			);
			defaultConfigurationIsVisible = 0;
			defaultConfigurationName = Release;
		};
		8C263E8C294068B0000C6F6F /* Build configuration list for PBXNativeTarget "Landmarks" */ = {
			isa = XCConfigurationList;
			buildConfigurations = (
				8C263E8D294068B0000C6F6F /* Debug */,
				8C263E8E294068B0000C6F6F /* Release */,
			);
			defaultConfigurationIsVisible = 0;
			defaultConfigurationName = Release;
		};
/* End XCConfigurationList section */
	};
	rootObject = 8C263E76294068AE000C6F6F /* Project object */;
}
